
Microsoft Visual Studio Solution File, Format Version 12.00
# Visual Studio Version 17
VisualStudioVersion = 17.1.32414.318
MinimumVisualStudioVersion = 10.0.40219.1
Project("{9A19103F-16F7-4668-BE54-9A1E7A4F7556}") = "Web", "Web\Web.csproj", "{8CF59AE7-0969-48EC-8E0A-12BF9698510D}"
EndProject
Project("{FAE04EC0-301F-11D3-BF4B-00C04F79EFBC}") = "RCL", "RCL\RCL.csproj", "{B8D666E0-D44F-4EB5-B7FA-2E37C1EAE3D2}"
EndProject
Global
	GlobalSection(SolutionConfigurationPlatforms) = preSolution
		Debug|Any CPU = Debug|Any CPU
		Release|Any CPU = Release|Any CPU
	EndGlobalSection
	GlobalSection(ProjectConfigurationPlatforms) = postSolution
		{8CF59AE7-0969-48EC-8E0A-12BF9698510D}.Debug|Any CPU.ActiveCfg = Debug|Any CPU
		{8CF59AE7-0969-48EC-8E0A-12BF9698510D}.Debug|Any CPU.Build.0 = Debug|Any CPU
		{8CF59AE7-0969-48EC-8E0A-12BF9698510D}.Release|Any CPU.ActiveCfg = Release|Any CPU
		{8CF59AE7-0969-48EC-8E0A-12BF9698510D}.Release|Any CPU.Build.0 = Release|Any CPU
		{B8D666E0-D44F-4EB5-B7FA-2E37C1EAE3D2}.Debug|Any CPU.ActiveCfg = Debug|Any CPU
		{B8D666E0-D44F-4EB5-B7FA-2E37C1EAE3D2}.Debug|Any CPU.Build.0 = Debug|Any CPU
		{B8D666E0-D44F-4EB5-B7FA-2E37C1EAE3D2}.Release|Any CPU.ActiveCfg = Release|Any CPU
		{B8D666E0-D44F-4EB5-B7FA-2E37C1EAE3D2}.Release|Any CPU.Build.0 = Release|Any CPU
	EndGlobalSection
	GlobalSection(SolutionProperties) = preSolution
		HideSolutionNode = FALSE
	EndGlobalSection
	GlobalSection(ExtensibilityGlobals) = postSolution
		SolutionGuid = {C54A15E6-C2ED-4568-9147-7579BB5373C7}
	EndGlobalSection
EndGlobal
